
Microsoft Visual Studio Solution File, Format Version 12.00
# Visual Studio 14
VisualStudioVersion = 14.0.24720.0
MinimumVisualStudioVersion = 10.0.40219.1
Project("{2150E333-8FDC-42A3-9474-1A3956D46DE8}") = "Solution Items", "Solution Items", "{B492F1A7-6470-446F-A9D0-51666353924F}"
	ProjectSection(SolutionItems) = preProject
		Local.testsettings = Local.testsettings
		README.md = README.md
	EndProjectSection
EndProject
Project("{FAE04EC0-301F-11D3-BF4B-00C04F79EFBC}") = "Azure", "Azure\Azure.csproj", "{D6185127-E5AF-4BAB-B5B2-86EF704F0322}"
	ProjectSection(ProjectDependencies) = postProject
		{515FEB22-5056-4247-81B3-507C85A7C409} = {515FEB22-5056-4247-81B3-507C85A7C409}
	EndProjectSection
EndProject
Project("{FAE04EC0-301F-11D3-BF4B-00C04F79EFBC}") = "Trello", "Trello\Trello.csproj", "{D6C125A8-95C2-444E-B207-5798411A0BB2}"
EndProject
Project("{FAE04EC0-301F-11D3-BF4B-00C04F79EFBC}") = "Formula", "Formula\Formula.csproj", "{DD03E0AD-2ED6-4B9E-8DC1-44D3D4B4DC13}"
EndProject
Project("{FAE04EC0-301F-11D3-BF4B-00C04F79EFBC}") = "Formula.Test", "Formula.Test\Formula.Test.csproj", "{469418FC-E37C-4230-9291-A21467B0FF1F}"
EndProject
Project("{FAE04EC0-301F-11D3-BF4B-00C04F79EFBC}") = "WebApp", "WebApp\WebApp.csproj", "{D8302A0A-BE8F-4393-952A-F85A2B20A59F}"
	ProjectSection(ProjectDependencies) = postProject
		{515FEB22-5056-4247-81B3-507C85A7C409} = {515FEB22-5056-4247-81B3-507C85A7C409}
	EndProjectSection
EndProject
Project("{FAE04EC0-301F-11D3-BF4B-00C04F79EFBC}") = "TrelloConsoleApp", "TrelloConsoleApp\TrelloConsoleApp.csproj", "{737D5E9F-A730-441F-B61E-3D4F487E2531}"
	ProjectSection(ProjectDependencies) = postProject
		{515FEB22-5056-4247-81B3-507C85A7C409} = {515FEB22-5056-4247-81B3-507C85A7C409}
	EndProjectSection
EndProject
Project("{FAE04EC0-301F-11D3-BF4B-00C04F79EFBC}") = "TogglConsoleApp", "TogglConsoleApp\TogglConsoleApp.csproj", "{2E144E43-4F72-4F4D-A048-7038491BAA78}"
	ProjectSection(ProjectDependencies) = postProject
		{515FEB22-5056-4247-81B3-507C85A7C409} = {515FEB22-5056-4247-81B3-507C85A7C409}
	EndProjectSection
EndProject
Project("{FAE04EC0-301F-11D3-BF4B-00C04F79EFBC}") = "WebApp.Test", "WebApp.Test\WebApp.Test.csproj", "{F72059AE-800A-4BD6-B0F2-1A1C26446578}"
EndProject
Project("{FAE04EC0-301F-11D3-BF4B-00C04F79EFBC}") = "Data", "Data\Data.csproj", "{4B2D854B-B429-4CFB-AE2E-548E56A2097C}"
EndProject
Project("{FAE04EC0-301F-11D3-BF4B-00C04F79EFBC}") = "Cached", "Cached\Cached.csproj", "{C8BBDBF0-4B70-49AC-AE1F-805FAE3DDFCC}"
EndProject
Project("{FAE04EC0-301F-11D3-BF4B-00C04F79EFBC}") = "Gothandy.Tables", "Gothandy.Tables\Gothandy.Tables.csproj", "{7B7FD80B-4160-45E5-8271-584BD98BA673}"
EndProject
Project("{FAE04EC0-301F-11D3-BF4B-00C04F79EFBC}") = "Gothandy.Tables.AzureTables", "Gothandy.Tables.AzureTables\Gothandy.Tables.AzureTables.csproj", "{515FEB22-5056-4247-81B3-507C85A7C409}"
EndProject
Project("{FAE04EC0-301F-11D3-BF4B-00C04F79EFBC}") = "Gothandy.Tables.Bulk", "Gothandy.Tables.Bulk\Gothandy.Tables.Bulk.csproj", "{D98904AF-3425-44AE-BDE6-8F687A2073F1}"
EndProject
Project("{FAE04EC0-301F-11D3-BF4B-00C04F79EFBC}") = "Gothandy.Tables.Cache", "Gothandy.Tables.Cache\Gothandy.Tables.Cache.csproj", "{EECBFCB7-33CD-43A6-B1AC-F7BF0070D9B4}"
EndProject
Project("{FAE04EC0-301F-11D3-BF4B-00C04F79EFBC}") = "Vincente.Toggl", "Vincente.Toggl\Vincente.Toggl.csproj", "{590FB30F-2DD3-4732-BF9C-B277F5C21A7E}"
EndProject
Project("{FAE04EC0-301F-11D3-BF4B-00C04F79EFBC}") = "Vincente.TogglSync", "Vincente.TogglSync\Vincente.TogglSync.csproj", "{99C2E322-3E49-4D88-A2FB-49F1A577CB5B}"
EndProject
Project("{FAE04EC0-301F-11D3-BF4B-00C04F79EFBC}") = "Gothandy.StartUp", "Gothandy.StartUp\Gothandy.StartUp.csproj", "{730CD89B-B299-471D-8937-B4254AB88556}"
EndProject
Global
	GlobalSection(SolutionConfigurationPlatforms) = preSolution
		Debug|Any CPU = Debug|Any CPU
		Release|Any CPU = Release|Any CPU
	EndGlobalSection
	GlobalSection(ProjectConfigurationPlatforms) = postSolution
		{D6185127-E5AF-4BAB-B5B2-86EF704F0322}.Debug|Any CPU.ActiveCfg = Debug|Any CPU
		{D6185127-E5AF-4BAB-B5B2-86EF704F0322}.Debug|Any CPU.Build.0 = Debug|Any CPU
		{D6185127-E5AF-4BAB-B5B2-86EF704F0322}.Release|Any CPU.ActiveCfg = Release|Any CPU
		{D6185127-E5AF-4BAB-B5B2-86EF704F0322}.Release|Any CPU.Build.0 = Release|Any CPU
		{D6C125A8-95C2-444E-B207-5798411A0BB2}.Debug|Any CPU.ActiveCfg = Debug|Any CPU
		{D6C125A8-95C2-444E-B207-5798411A0BB2}.Debug|Any CPU.Build.0 = Debug|Any CPU
		{D6C125A8-95C2-444E-B207-5798411A0BB2}.Release|Any CPU.ActiveCfg = Release|Any CPU
		{D6C125A8-95C2-444E-B207-5798411A0BB2}.Release|Any CPU.Build.0 = Release|Any CPU
		{DD03E0AD-2ED6-4B9E-8DC1-44D3D4B4DC13}.Debug|Any CPU.ActiveCfg = Debug|Any CPU
		{DD03E0AD-2ED6-4B9E-8DC1-44D3D4B4DC13}.Debug|Any CPU.Build.0 = Debug|Any CPU
		{DD03E0AD-2ED6-4B9E-8DC1-44D3D4B4DC13}.Release|Any CPU.ActiveCfg = Release|Any CPU
		{DD03E0AD-2ED6-4B9E-8DC1-44D3D4B4DC13}.Release|Any CPU.Build.0 = Release|Any CPU
		{469418FC-E37C-4230-9291-A21467B0FF1F}.Debug|Any CPU.ActiveCfg = Debug|Any CPU
		{469418FC-E37C-4230-9291-A21467B0FF1F}.Debug|Any CPU.Build.0 = Debug|Any CPU
		{469418FC-E37C-4230-9291-A21467B0FF1F}.Release|Any CPU.ActiveCfg = Release|Any CPU
		{469418FC-E37C-4230-9291-A21467B0FF1F}.Release|Any CPU.Build.0 = Release|Any CPU
		{D8302A0A-BE8F-4393-952A-F85A2B20A59F}.Debug|Any CPU.ActiveCfg = Debug|Any CPU
		{D8302A0A-BE8F-4393-952A-F85A2B20A59F}.Debug|Any CPU.Build.0 = Debug|Any CPU
		{D8302A0A-BE8F-4393-952A-F85A2B20A59F}.Release|Any CPU.ActiveCfg = Release|Any CPU
		{D8302A0A-BE8F-4393-952A-F85A2B20A59F}.Release|Any CPU.Build.0 = Release|Any CPU
		{737D5E9F-A730-441F-B61E-3D4F487E2531}.Debug|Any CPU.ActiveCfg = Debug|Any CPU
		{737D5E9F-A730-441F-B61E-3D4F487E2531}.Debug|Any CPU.Build.0 = Debug|Any CPU
		{737D5E9F-A730-441F-B61E-3D4F487E2531}.Release|Any CPU.ActiveCfg = Release|Any CPU
		{737D5E9F-A730-441F-B61E-3D4F487E2531}.Release|Any CPU.Build.0 = Release|Any CPU
		{2E144E43-4F72-4F4D-A048-7038491BAA78}.Debug|Any CPU.ActiveCfg = Debug|Any CPU
		{2E144E43-4F72-4F4D-A048-7038491BAA78}.Debug|Any CPU.Build.0 = Debug|Any CPU
		{2E144E43-4F72-4F4D-A048-7038491BAA78}.Release|Any CPU.ActiveCfg = Release|Any CPU
		{2E144E43-4F72-4F4D-A048-7038491BAA78}.Release|Any CPU.Build.0 = Release|Any CPU
		{F72059AE-800A-4BD6-B0F2-1A1C26446578}.Debug|Any CPU.ActiveCfg = Debug|Any CPU
		{F72059AE-800A-4BD6-B0F2-1A1C26446578}.Debug|Any CPU.Build.0 = Debug|Any CPU
		{F72059AE-800A-4BD6-B0F2-1A1C26446578}.Release|Any CPU.ActiveCfg = Release|Any CPU
		{F72059AE-800A-4BD6-B0F2-1A1C26446578}.Release|Any CPU.Build.0 = Release|Any CPU
		{4B2D854B-B429-4CFB-AE2E-548E56A2097C}.Debug|Any CPU.ActiveCfg = Debug|Any CPU
		{4B2D854B-B429-4CFB-AE2E-548E56A2097C}.Debug|Any CPU.Build.0 = Debug|Any CPU
		{4B2D854B-B429-4CFB-AE2E-548E56A2097C}.Release|Any CPU.ActiveCfg = Release|Any CPU
		{4B2D854B-B429-4CFB-AE2E-548E56A2097C}.Release|Any CPU.Build.0 = Release|Any CPU
		{C8BBDBF0-4B70-49AC-AE1F-805FAE3DDFCC}.Debug|Any CPU.ActiveCfg = Debug|Any CPU
		{C8BBDBF0-4B70-49AC-AE1F-805FAE3DDFCC}.Debug|Any CPU.Build.0 = Debug|Any CPU
		{C8BBDBF0-4B70-49AC-AE1F-805FAE3DDFCC}.Release|Any CPU.ActiveCfg = Release|Any CPU
		{C8BBDBF0-4B70-49AC-AE1F-805FAE3DDFCC}.Release|Any CPU.Build.0 = Release|Any CPU
		{7B7FD80B-4160-45E5-8271-584BD98BA673}.Debug|Any CPU.ActiveCfg = Debug|Any CPU
		{7B7FD80B-4160-45E5-8271-584BD98BA673}.Debug|Any CPU.Build.0 = Debug|Any CPU
		{7B7FD80B-4160-45E5-8271-584BD98BA673}.Release|Any CPU.ActiveCfg = Release|Any CPU
		{7B7FD80B-4160-45E5-8271-584BD98BA673}.Release|Any CPU.Build.0 = Release|Any CPU
		{515FEB22-5056-4247-81B3-507C85A7C409}.Debug|Any CPU.ActiveCfg = Debug|Any CPU
		{515FEB22-5056-4247-81B3-507C85A7C409}.Debug|Any CPU.Build.0 = Debug|Any CPU
		{515FEB22-5056-4247-81B3-507C85A7C409}.Release|Any CPU.ActiveCfg = Release|Any CPU
		{515FEB22-5056-4247-81B3-507C85A7C409}.Release|Any CPU.Build.0 = Release|Any CPU
		{D98904AF-3425-44AE-BDE6-8F687A2073F1}.Debug|Any CPU.ActiveCfg = Debug|Any CPU
		{D98904AF-3425-44AE-BDE6-8F687A2073F1}.Debug|Any CPU.Build.0 = Debug|Any CPU
		{D98904AF-3425-44AE-BDE6-8F687A2073F1}.Release|Any CPU.ActiveCfg = Release|Any CPU
		{D98904AF-3425-44AE-BDE6-8F687A2073F1}.Release|Any CPU.Build.0 = Release|Any CPU
		{EECBFCB7-33CD-43A6-B1AC-F7BF0070D9B4}.Debug|Any CPU.ActiveCfg = Debug|Any CPU
		{EECBFCB7-33CD-43A6-B1AC-F7BF0070D9B4}.Debug|Any CPU.Build.0 = Debug|Any CPU
		{EECBFCB7-33CD-43A6-B1AC-F7BF0070D9B4}.Release|Any CPU.ActiveCfg = Release|Any CPU
		{EECBFCB7-33CD-43A6-B1AC-F7BF0070D9B4}.Release|Any CPU.Build.0 = Release|Any CPU
		{590FB30F-2DD3-4732-BF9C-B277F5C21A7E}.Debug|Any CPU.ActiveCfg = Debug|Any CPU
		{590FB30F-2DD3-4732-BF9C-B277F5C21A7E}.Debug|Any CPU.Build.0 = Debug|Any CPU
		{590FB30F-2DD3-4732-BF9C-B277F5C21A7E}.Release|Any CPU.ActiveCfg = Release|Any CPU
		{590FB30F-2DD3-4732-BF9C-B277F5C21A7E}.Release|Any CPU.Build.0 = Release|Any CPU
		{99C2E322-3E49-4D88-A2FB-49F1A577CB5B}.Debug|Any CPU.ActiveCfg = Debug|Any CPU
		{99C2E322-3E49-4D88-A2FB-49F1A577CB5B}.Debug|Any CPU.Build.0 = Debug|Any CPU
		{99C2E322-3E49-4D88-A2FB-49F1A577CB5B}.Release|Any CPU.ActiveCfg = Release|Any CPU
		{99C2E322-3E49-4D88-A2FB-49F1A577CB5B}.Release|Any CPU.Build.0 = Release|Any CPU
		{730CD89B-B299-471D-8937-B4254AB88556}.Debug|Any CPU.ActiveCfg = Debug|Any CPU
		{730CD89B-B299-471D-8937-B4254AB88556}.Debug|Any CPU.Build.0 = Debug|Any CPU
		{730CD89B-B299-471D-8937-B4254AB88556}.Release|Any CPU.ActiveCfg = Release|Any CPU
		{730CD89B-B299-471D-8937-B4254AB88556}.Release|Any CPU.Build.0 = Release|Any CPU
	EndGlobalSection
	GlobalSection(SolutionProperties) = preSolution
		HideSolutionNode = FALSE
	EndGlobalSection
EndGlobal
