
Microsoft Visual Studio Solution File, Format Version 12.00
# Visual Studio 14
VisualStudioVersion = 14.0.24720.0
MinimumVisualStudioVersion = 10.0.40219.1
Project("{2150E333-8FDC-42A3-9474-1A3956D46DE8}") = "Solution Items", "Solution Items", "{B492F1A7-6470-446F-A9D0-51666353924F}"
	ProjectSection(SolutionItems) = preProject
		README.md = README.md
	EndProjectSection
EndProject
Project("{FAE04EC0-301F-11D3-BF4B-00C04F79EFBC}") = "Toggl", "Toggl\Toggl.csproj", "{2AF3D702-4F82-4F7A-86A4-F916B10AA569}"
EndProject
Project("{FAE04EC0-301F-11D3-BF4B-00C04F79EFBC}") = "Azure", "Azure\Azure.csproj", "{D6185127-E5AF-4BAB-B5B2-86EF704F0322}"
EndProject
Project("{FAE04EC0-301F-11D3-BF4B-00C04F79EFBC}") = "Trello", "Trello\Trello.csproj", "{D6C125A8-95C2-444E-B207-5798411A0BB2}"
EndProject
Project("{FAE04EC0-301F-11D3-BF4B-00C04F79EFBC}") = "Formula", "Formula\Formula.csproj", "{DD03E0AD-2ED6-4B9E-8DC1-44D3D4B4DC13}"
EndProject
Project("{FAE04EC0-301F-11D3-BF4B-00C04F79EFBC}") = "Formula.Test", "Formula.Test\Formula.Test.csproj", "{469418FC-E37C-4230-9291-A21467B0FF1F}"
EndProject
Project("{FAE04EC0-301F-11D3-BF4B-00C04F79EFBC}") = "WebApp", "WebApp\WebApp.csproj", "{D8302A0A-BE8F-4393-952A-F85A2B20A59F}"
EndProject
Project("{FAE04EC0-301F-11D3-BF4B-00C04F79EFBC}") = "ConsoleApp", "ConsoleApp\ConsoleApp.csproj", "{599E634D-8930-4124-AD28-A1E9D995A149}"
EndProject
Project("{FAE04EC0-301F-11D3-BF4B-00C04F79EFBC}") = "TrelloConsoleApp", "TrelloConsoleApp\TrelloConsoleApp.csproj", "{737D5E9F-A730-441F-B61E-3D4F487E2531}"
EndProject
Project("{FAE04EC0-301F-11D3-BF4B-00C04F79EFBC}") = "TogglConsoleApp", "TogglConsoleApp\TogglConsoleApp.csproj", "{2E144E43-4F72-4F4D-A048-7038491BAA78}"
EndProject
Global
	GlobalSection(SolutionConfigurationPlatforms) = preSolution
		Debug|Any CPU = Debug|Any CPU
		Release|Any CPU = Release|Any CPU
	EndGlobalSection
	GlobalSection(ProjectConfigurationPlatforms) = postSolution
		{2AF3D702-4F82-4F7A-86A4-F916B10AA569}.Debug|Any CPU.ActiveCfg = Debug|Any CPU
		{2AF3D702-4F82-4F7A-86A4-F916B10AA569}.Debug|Any CPU.Build.0 = Debug|Any CPU
		{2AF3D702-4F82-4F7A-86A4-F916B10AA569}.Release|Any CPU.ActiveCfg = Release|Any CPU
		{2AF3D702-4F82-4F7A-86A4-F916B10AA569}.Release|Any CPU.Build.0 = Release|Any CPU
		{D6185127-E5AF-4BAB-B5B2-86EF704F0322}.Debug|Any CPU.ActiveCfg = Debug|Any CPU
		{D6185127-E5AF-4BAB-B5B2-86EF704F0322}.Debug|Any CPU.Build.0 = Debug|Any CPU
		{D6185127-E5AF-4BAB-B5B2-86EF704F0322}.Release|Any CPU.ActiveCfg = Release|Any CPU
		{D6185127-E5AF-4BAB-B5B2-86EF704F0322}.Release|Any CPU.Build.0 = Release|Any CPU
		{D6C125A8-95C2-444E-B207-5798411A0BB2}.Debug|Any CPU.ActiveCfg = Debug|Any CPU
		{D6C125A8-95C2-444E-B207-5798411A0BB2}.Debug|Any CPU.Build.0 = Debug|Any CPU
		{D6C125A8-95C2-444E-B207-5798411A0BB2}.Release|Any CPU.ActiveCfg = Release|Any CPU
		{D6C125A8-95C2-444E-B207-5798411A0BB2}.Release|Any CPU.Build.0 = Release|Any CPU
		{DD03E0AD-2ED6-4B9E-8DC1-44D3D4B4DC13}.Debug|Any CPU.ActiveCfg = Debug|Any CPU
		{DD03E0AD-2ED6-4B9E-8DC1-44D3D4B4DC13}.Debug|Any CPU.Build.0 = Debug|Any CPU
		{DD03E0AD-2ED6-4B9E-8DC1-44D3D4B4DC13}.Release|Any CPU.ActiveCfg = Release|Any CPU
		{DD03E0AD-2ED6-4B9E-8DC1-44D3D4B4DC13}.Release|Any CPU.Build.0 = Release|Any CPU
		{469418FC-E37C-4230-9291-A21467B0FF1F}.Debug|Any CPU.ActiveCfg = Debug|Any CPU
		{469418FC-E37C-4230-9291-A21467B0FF1F}.Debug|Any CPU.Build.0 = Debug|Any CPU
		{469418FC-E37C-4230-9291-A21467B0FF1F}.Release|Any CPU.ActiveCfg = Release|Any CPU
		{469418FC-E37C-4230-9291-A21467B0FF1F}.Release|Any CPU.Build.0 = Release|Any CPU
		{D8302A0A-BE8F-4393-952A-F85A2B20A59F}.Debug|Any CPU.ActiveCfg = Debug|Any CPU
		{D8302A0A-BE8F-4393-952A-F85A2B20A59F}.Debug|Any CPU.Build.0 = Debug|Any CPU
		{D8302A0A-BE8F-4393-952A-F85A2B20A59F}.Release|Any CPU.ActiveCfg = Release|Any CPU
		{D8302A0A-BE8F-4393-952A-F85A2B20A59F}.Release|Any CPU.Build.0 = Release|Any CPU
		{599E634D-8930-4124-AD28-A1E9D995A149}.Debug|Any CPU.ActiveCfg = Debug|Any CPU
		{599E634D-8930-4124-AD28-A1E9D995A149}.Debug|Any CPU.Build.0 = Debug|Any CPU
		{599E634D-8930-4124-AD28-A1E9D995A149}.Release|Any CPU.ActiveCfg = Release|Any CPU
		{599E634D-8930-4124-AD28-A1E9D995A149}.Release|Any CPU.Build.0 = Release|Any CPU
		{737D5E9F-A730-441F-B61E-3D4F487E2531}.Debug|Any CPU.ActiveCfg = Debug|Any CPU
		{737D5E9F-A730-441F-B61E-3D4F487E2531}.Debug|Any CPU.Build.0 = Debug|Any CPU
		{737D5E9F-A730-441F-B61E-3D4F487E2531}.Release|Any CPU.ActiveCfg = Release|Any CPU
		{737D5E9F-A730-441F-B61E-3D4F487E2531}.Release|Any CPU.Build.0 = Release|Any CPU
		{2E144E43-4F72-4F4D-A048-7038491BAA78}.Debug|Any CPU.ActiveCfg = Debug|Any CPU
		{2E144E43-4F72-4F4D-A048-7038491BAA78}.Debug|Any CPU.Build.0 = Debug|Any CPU
		{2E144E43-4F72-4F4D-A048-7038491BAA78}.Release|Any CPU.ActiveCfg = Release|Any CPU
		{2E144E43-4F72-4F4D-A048-7038491BAA78}.Release|Any CPU.Build.0 = Release|Any CPU
	EndGlobalSection
	GlobalSection(SolutionProperties) = preSolution
		HideSolutionNode = FALSE
	EndGlobalSection
EndGlobal
